
Microsoft Visual Studio Solution File, Format Version 12.00
# Visual Studio Version 17
VisualStudioVersion = 17.14.36414.22 d17.14
MinimumVisualStudioVersion = 10.0.40219.1
Project("{FAE04EC0-301F-11D3-BF4B-00C04F79EFBC}") = "CicloWhile", "CicloWhile\CicloWhile.csproj", "{498CB80B-A9DA-41FC-B4EE-CC2B8DB9DB5E}"
EndProject
Global
	GlobalSection(SolutionConfigurationPlatforms) = preSolution
		Debug|Any CPU = Debug|Any CPU
		Release|Any CPU = Release|Any CPU
	EndGlobalSection
	GlobalSection(ProjectConfigurationPlatforms) = postSolution
		{498CB80B-A9DA-41FC-B4EE-CC2B8DB9DB5E}.Debug|Any CPU.ActiveCfg = Debug|Any CPU
		{498CB80B-A9DA-41FC-B4EE-CC2B8DB9DB5E}.Debug|Any CPU.Build.0 = Debug|Any CPU
		{498CB80B-A9DA-41FC-B4EE-CC2B8DB9DB5E}.Release|Any CPU.ActiveCfg = Release|Any CPU
		{498CB80B-A9DA-41FC-B4EE-CC2B8DB9DB5E}.Release|Any CPU.Build.0 = Release|Any CPU
	EndGlobalSection
	GlobalSection(SolutionProperties) = preSolution
		HideSolutionNode = FALSE
	EndGlobalSection
	GlobalSection(ExtensibilityGlobals) = postSolution
		SolutionGuid = {C9C84BA0-2977-417B-A6BD-3265C0FC0B9C}
	EndGlobalSection
EndGlobal
