
Microsoft Visual Studio Solution File, Format Version 12.00
# Visual Studio Version 17
VisualStudioVersion = 17.14.36414.22 d17.14
MinimumVisualStudioVersion = 10.0.40219.1
Project("{FAE04EC0-301F-11D3-BF4B-00C04F79EFBC}") = "Calc_Area_Circulo", "Calc_Area_Circulo\Calc_Area_Circulo.csproj", "{1BC9B48F-3F2C-4C07-A8A7-A1E2FDB25D52}"
EndProject
Global
	GlobalSection(SolutionConfigurationPlatforms) = preSolution
		Debug|Any CPU = Debug|Any CPU
		Release|Any CPU = Release|Any CPU
	EndGlobalSection
	GlobalSection(ProjectConfigurationPlatforms) = postSolution
		{1BC9B48F-3F2C-4C07-A8A7-A1E2FDB25D52}.Debug|Any CPU.ActiveCfg = Debug|Any CPU
		{1BC9B48F-3F2C-4C07-A8A7-A1E2FDB25D52}.Debug|Any CPU.Build.0 = Debug|Any CPU
		{1BC9B48F-3F2C-4C07-A8A7-A1E2FDB25D52}.Release|Any CPU.ActiveCfg = Release|Any CPU
		{1BC9B48F-3F2C-4C07-A8A7-A1E2FDB25D52}.Release|Any CPU.Build.0 = Release|Any CPU
	EndGlobalSection
	GlobalSection(SolutionProperties) = preSolution
		HideSolutionNode = FALSE
	EndGlobalSection
	GlobalSection(ExtensibilityGlobals) = postSolution
		SolutionGuid = {97842AC1-CC02-4706-9955-6435DBE9650E}
	EndGlobalSection
EndGlobal
